
Microsoft Visual Studio Solution File, Format Version 12.00
# Visual Studio 2013
VisualStudioVersion = 12.0.30501.0
MinimumVisualStudioVersion = 10.0.40219.1
Project("{FAE04EC0-301F-11D3-BF4B-00C04F79EFBC}") = "GenCode.DroneDown", "GenCode.DroneDown\GenCode.DroneDown.csproj", "{C409C569-014B-48F9-9D3C-0EBAD0E9CE6F}"
EndProject
Project("{FAE04EC0-301F-11D3-BF4B-00C04F79EFBC}") = "GenCode.DroneDown.iOS", "iOS\GenCode.DroneDown.iOS.csproj", "{6E5CCCA0-0C24-42DF-B581-5A9E850298C7}"
EndProject
Project("{FAE04EC0-301F-11D3-BF4B-00C04F79EFBC}") = "GenCode.DroneDown.Android", "Android\GenCode.DroneDown.Android.csproj", "{22B2E547-82FC-4B15-B0B1-4A8EF1D85D44}"
EndProject
Project("{FAE04EC0-301F-11D3-BF4B-00C04F79EFBC}") = "GenCode.BeaconDevices", "BeaconDevices\GenCode.BeaconDevices.csproj", "{8EEF5755-CD1E-4EF3-8137-01F43E0700FD}"
EndProject
Project("{FAE04EC0-301F-11D3-BF4B-00C04F79EFBC}") = "GenCode.Logging", "GenCode.Logging\GenCode.Logging.csproj", "{D84B89DF-E5B0-4F9D-9FB6-EA0CDFBA9314}"
EndProject
Global
	GlobalSection(SolutionConfigurationPlatforms) = preSolution
		Ad-Hoc|Any CPU = Ad-Hoc|Any CPU
		Ad-Hoc|iPhone = Ad-Hoc|iPhone
		Ad-Hoc|iPhoneSimulator = Ad-Hoc|iPhoneSimulator
		Ad-Hoc|Mixed Platforms = Ad-Hoc|Mixed Platforms
		AppStore|Any CPU = AppStore|Any CPU
		AppStore|iPhone = AppStore|iPhone
		AppStore|iPhoneSimulator = AppStore|iPhoneSimulator
		AppStore|Mixed Platforms = AppStore|Mixed Platforms
		Debug|Any CPU = Debug|Any CPU
		Debug|iPhone = Debug|iPhone
		Debug|iPhoneSimulator = Debug|iPhoneSimulator
		Debug|Mixed Platforms = Debug|Mixed Platforms
		Release|Any CPU = Release|Any CPU
		Release|iPhone = Release|iPhone
		Release|iPhoneSimulator = Release|iPhoneSimulator
		Release|Mixed Platforms = Release|Mixed Platforms
	EndGlobalSection
	GlobalSection(ProjectConfigurationPlatforms) = postSolution
		{C409C569-014B-48F9-9D3C-0EBAD0E9CE6F}.Ad-Hoc|Any CPU.ActiveCfg = Release|Any CPU
		{C409C569-014B-48F9-9D3C-0EBAD0E9CE6F}.Ad-Hoc|Any CPU.Build.0 = Release|Any CPU
		{C409C569-014B-48F9-9D3C-0EBAD0E9CE6F}.Ad-Hoc|iPhone.ActiveCfg = Debug|Any CPU
		{C409C569-014B-48F9-9D3C-0EBAD0E9CE6F}.Ad-Hoc|iPhone.Build.0 = Debug|Any CPU
		{C409C569-014B-48F9-9D3C-0EBAD0E9CE6F}.Ad-Hoc|iPhoneSimulator.ActiveCfg = Release|Any CPU
		{C409C569-014B-48F9-9D3C-0EBAD0E9CE6F}.Ad-Hoc|Mixed Platforms.ActiveCfg = Debug|Any CPU
		{C409C569-014B-48F9-9D3C-0EBAD0E9CE6F}.Ad-Hoc|Mixed Platforms.Build.0 = Debug|Any CPU
		{C409C569-014B-48F9-9D3C-0EBAD0E9CE6F}.AppStore|Any CPU.ActiveCfg = Release|Any CPU
		{C409C569-014B-48F9-9D3C-0EBAD0E9CE6F}.AppStore|Any CPU.Build.0 = Release|Any CPU
		{C409C569-014B-48F9-9D3C-0EBAD0E9CE6F}.AppStore|iPhone.ActiveCfg = Debug|Any CPU
		{C409C569-014B-48F9-9D3C-0EBAD0E9CE6F}.AppStore|iPhone.Build.0 = Debug|Any CPU
		{C409C569-014B-48F9-9D3C-0EBAD0E9CE6F}.AppStore|iPhoneSimulator.ActiveCfg = Release|Any CPU
		{C409C569-014B-48F9-9D3C-0EBAD0E9CE6F}.AppStore|Mixed Platforms.ActiveCfg = Debug|Any CPU
		{C409C569-014B-48F9-9D3C-0EBAD0E9CE6F}.AppStore|Mixed Platforms.Build.0 = Debug|Any CPU
		{C409C569-014B-48F9-9D3C-0EBAD0E9CE6F}.Debug|Any CPU.ActiveCfg = Debug|Any CPU
		{C409C569-014B-48F9-9D3C-0EBAD0E9CE6F}.Debug|Any CPU.Build.0 = Debug|Any CPU
		{C409C569-014B-48F9-9D3C-0EBAD0E9CE6F}.Debug|iPhone.ActiveCfg = Debug|Any CPU
		{C409C569-014B-48F9-9D3C-0EBAD0E9CE6F}.Debug|iPhone.Build.0 = Debug|Any CPU
		{C409C569-014B-48F9-9D3C-0EBAD0E9CE6F}.Debug|iPhoneSimulator.ActiveCfg = Debug|Any CPU
		{C409C569-014B-48F9-9D3C-0EBAD0E9CE6F}.Debug|iPhoneSimulator.Build.0 = Debug|Any CPU
		{C409C569-014B-48F9-9D3C-0EBAD0E9CE6F}.Debug|Mixed Platforms.ActiveCfg = Debug|Any CPU
		{C409C569-014B-48F9-9D3C-0EBAD0E9CE6F}.Debug|Mixed Platforms.Build.0 = Debug|Any CPU
		{C409C569-014B-48F9-9D3C-0EBAD0E9CE6F}.Release|Any CPU.ActiveCfg = Release|Any CPU
		{C409C569-014B-48F9-9D3C-0EBAD0E9CE6F}.Release|Any CPU.Build.0 = Release|Any CPU
		{C409C569-014B-48F9-9D3C-0EBAD0E9CE6F}.Release|iPhone.ActiveCfg = Release|Any CPU
		{C409C569-014B-48F9-9D3C-0EBAD0E9CE6F}.Release|iPhone.Build.0 = Release|Any CPU
		{C409C569-014B-48F9-9D3C-0EBAD0E9CE6F}.Release|iPhoneSimulator.ActiveCfg = Release|Any CPU
		{C409C569-014B-48F9-9D3C-0EBAD0E9CE6F}.Release|iPhoneSimulator.Build.0 = Release|Any CPU
		{C409C569-014B-48F9-9D3C-0EBAD0E9CE6F}.Release|Mixed Platforms.ActiveCfg = Release|Any CPU
		{C409C569-014B-48F9-9D3C-0EBAD0E9CE6F}.Release|Mixed Platforms.Build.0 = Release|Any CPU
		{6E5CCCA0-0C24-42DF-B581-5A9E850298C7}.Ad-Hoc|Any CPU.ActiveCfg = Ad-Hoc|iPhoneSimulator
		{6E5CCCA0-0C24-42DF-B581-5A9E850298C7}.Ad-Hoc|iPhone.ActiveCfg = Ad-Hoc|iPhone
		{6E5CCCA0-0C24-42DF-B581-5A9E850298C7}.Ad-Hoc|iPhone.Build.0 = Ad-Hoc|iPhone
		{6E5CCCA0-0C24-42DF-B581-5A9E850298C7}.Ad-Hoc|iPhoneSimulator.ActiveCfg = Ad-Hoc|iPhoneSimulator
		{6E5CCCA0-0C24-42DF-B581-5A9E850298C7}.Ad-Hoc|iPhoneSimulator.Build.0 = Ad-Hoc|iPhoneSimulator
		{6E5CCCA0-0C24-42DF-B581-5A9E850298C7}.Ad-Hoc|Mixed Platforms.ActiveCfg = Ad-Hoc|iPhone
		{6E5CCCA0-0C24-42DF-B581-5A9E850298C7}.Ad-Hoc|Mixed Platforms.Build.0 = Ad-Hoc|iPhone
		{6E5CCCA0-0C24-42DF-B581-5A9E850298C7}.AppStore|Any CPU.ActiveCfg = AppStore|iPhoneSimulator
		{6E5CCCA0-0C24-42DF-B581-5A9E850298C7}.AppStore|iPhone.ActiveCfg = AppStore|iPhone
		{6E5CCCA0-0C24-42DF-B581-5A9E850298C7}.AppStore|iPhone.Build.0 = AppStore|iPhone
		{6E5CCCA0-0C24-42DF-B581-5A9E850298C7}.AppStore|iPhoneSimulator.ActiveCfg = AppStore|iPhoneSimulator
		{6E5CCCA0-0C24-42DF-B581-5A9E850298C7}.AppStore|iPhoneSimulator.Build.0 = AppStore|iPhoneSimulator
		{6E5CCCA0-0C24-42DF-B581-5A9E850298C7}.AppStore|Mixed Platforms.ActiveCfg = AppStore|iPhone
		{6E5CCCA0-0C24-42DF-B581-5A9E850298C7}.AppStore|Mixed Platforms.Build.0 = AppStore|iPhone
		{6E5CCCA0-0C24-42DF-B581-5A9E850298C7}.Debug|Any CPU.ActiveCfg = Debug|iPhoneSimulator
		{6E5CCCA0-0C24-42DF-B581-5A9E850298C7}.Debug|Any CPU.Build.0 = Debug|iPhoneSimulator
		{6E5CCCA0-0C24-42DF-B581-5A9E850298C7}.Debug|iPhone.ActiveCfg = Debug|iPhone
		{6E5CCCA0-0C24-42DF-B581-5A9E850298C7}.Debug|iPhone.Build.0 = Debug|iPhone
		{6E5CCCA0-0C24-42DF-B581-5A9E850298C7}.Debug|iPhoneSimulator.ActiveCfg = Debug|iPhoneSimulator
		{6E5CCCA0-0C24-42DF-B581-5A9E850298C7}.Debug|iPhoneSimulator.Build.0 = Debug|iPhoneSimulator
		{6E5CCCA0-0C24-42DF-B581-5A9E850298C7}.Debug|Mixed Platforms.ActiveCfg = Debug|iPhone
		{6E5CCCA0-0C24-42DF-B581-5A9E850298C7}.Debug|Mixed Platforms.Build.0 = Debug|iPhone
		{6E5CCCA0-0C24-42DF-B581-5A9E850298C7}.Release|Any CPU.ActiveCfg = Release|iPhoneSimulator
		{6E5CCCA0-0C24-42DF-B581-5A9E850298C7}.Release|Any CPU.Build.0 = Release|iPhoneSimulator
		{6E5CCCA0-0C24-42DF-B581-5A9E850298C7}.Release|iPhone.ActiveCfg = Release|iPhone
		{6E5CCCA0-0C24-42DF-B581-5A9E850298C7}.Release|iPhone.Build.0 = Release|iPhone
		{6E5CCCA0-0C24-42DF-B581-5A9E850298C7}.Release|iPhoneSimulator.ActiveCfg = Release|iPhoneSimulator
		{6E5CCCA0-0C24-42DF-B581-5A9E850298C7}.Release|iPhoneSimulator.Build.0 = Release|iPhoneSimulator
		{6E5CCCA0-0C24-42DF-B581-5A9E850298C7}.Release|Mixed Platforms.ActiveCfg = Release|iPhone
		{6E5CCCA0-0C24-42DF-B581-5A9E850298C7}.Release|Mixed Platforms.Build.0 = Release|iPhone
		{22B2E547-82FC-4B15-B0B1-4A8EF1D85D44}.Ad-Hoc|Any CPU.ActiveCfg = Release|Any CPU
		{22B2E547-82FC-4B15-B0B1-4A8EF1D85D44}.Ad-Hoc|Any CPU.Build.0 = Release|Any CPU
		{22B2E547-82FC-4B15-B0B1-4A8EF1D85D44}.Ad-Hoc|Any CPU.Deploy.0 = Release|Any CPU
		{22B2E547-82FC-4B15-B0B1-4A8EF1D85D44}.Ad-Hoc|iPhone.ActiveCfg = Debug|Any CPU
		{22B2E547-82FC-4B15-B0B1-4A8EF1D85D44}.Ad-Hoc|iPhone.Build.0 = Debug|Any CPU
		{22B2E547-82FC-4B15-B0B1-4A8EF1D85D44}.Ad-Hoc|iPhoneSimulator.ActiveCfg = Release|Any CPU
		{22B2E547-82FC-4B15-B0B1-4A8EF1D85D44}.Ad-Hoc|Mixed Platforms.ActiveCfg = Debug|Any CPU
		{22B2E547-82FC-4B15-B0B1-4A8EF1D85D44}.Ad-Hoc|Mixed Platforms.Build.0 = Debug|Any CPU
		{22B2E547-82FC-4B15-B0B1-4A8EF1D85D44}.Ad-Hoc|Mixed Platforms.Deploy.0 = Debug|Any CPU
		{22B2E547-82FC-4B15-B0B1-4A8EF1D85D44}.AppStore|Any CPU.ActiveCfg = Release|Any CPU
		{22B2E547-82FC-4B15-B0B1-4A8EF1D85D44}.AppStore|Any CPU.Build.0 = Release|Any CPU
		{22B2E547-82FC-4B15-B0B1-4A8EF1D85D44}.AppStore|Any CPU.Deploy.0 = Release|Any CPU
		{22B2E547-82FC-4B15-B0B1-4A8EF1D85D44}.AppStore|iPhone.ActiveCfg = Debug|Any CPU
		{22B2E547-82FC-4B15-B0B1-4A8EF1D85D44}.AppStore|iPhone.Build.0 = Debug|Any CPU
		{22B2E547-82FC-4B15-B0B1-4A8EF1D85D44}.AppStore|iPhoneSimulator.ActiveCfg = Release|Any CPU
		{22B2E547-82FC-4B15-B0B1-4A8EF1D85D44}.AppStore|Mixed Platforms.ActiveCfg = Debug|Any CPU
		{22B2E547-82FC-4B15-B0B1-4A8EF1D85D44}.AppStore|Mixed Platforms.Build.0 = Debug|Any CPU
		{22B2E547-82FC-4B15-B0B1-4A8EF1D85D44}.AppStore|Mixed Platforms.Deploy.0 = Debug|Any CPU
		{22B2E547-82FC-4B15-B0B1-4A8EF1D85D44}.Debug|Any CPU.ActiveCfg = Debug|Any CPU
		{22B2E547-82FC-4B15-B0B1-4A8EF1D85D44}.Debug|Any CPU.Build.0 = Debug|Any CPU
		{22B2E547-82FC-4B15-B0B1-4A8EF1D85D44}.Debug|Any CPU.Deploy.0 = Debug|Any CPU
		{22B2E547-82FC-4B15-B0B1-4A8EF1D85D44}.Debug|iPhone.ActiveCfg = Debug|Any CPU
		{22B2E547-82FC-4B15-B0B1-4A8EF1D85D44}.Debug|iPhone.Build.0 = Debug|Any CPU
		{22B2E547-82FC-4B15-B0B1-4A8EF1D85D44}.Debug|iPhoneSimulator.ActiveCfg = Debug|Any CPU
		{22B2E547-82FC-4B15-B0B1-4A8EF1D85D44}.Debug|iPhoneSimulator.Build.0 = Debug|Any CPU
		{22B2E547-82FC-4B15-B0B1-4A8EF1D85D44}.Debug|Mixed Platforms.ActiveCfg = Debug|Any CPU
		{22B2E547-82FC-4B15-B0B1-4A8EF1D85D44}.Debug|Mixed Platforms.Build.0 = Debug|Any CPU
		{22B2E547-82FC-4B15-B0B1-4A8EF1D85D44}.Debug|Mixed Platforms.Deploy.0 = Debug|Any CPU
		{22B2E547-82FC-4B15-B0B1-4A8EF1D85D44}.Release|Any CPU.ActiveCfg = Release|Any CPU
		{22B2E547-82FC-4B15-B0B1-4A8EF1D85D44}.Release|Any CPU.Build.0 = Release|Any CPU
		{22B2E547-82FC-4B15-B0B1-4A8EF1D85D44}.Release|iPhone.ActiveCfg = Release|Any CPU
		{22B2E547-82FC-4B15-B0B1-4A8EF1D85D44}.Release|iPhone.Build.0 = Release|Any CPU
		{22B2E547-82FC-4B15-B0B1-4A8EF1D85D44}.Release|iPhoneSimulator.ActiveCfg = Release|Any CPU
		{22B2E547-82FC-4B15-B0B1-4A8EF1D85D44}.Release|iPhoneSimulator.Build.0 = Release|Any CPU
		{22B2E547-82FC-4B15-B0B1-4A8EF1D85D44}.Release|Mixed Platforms.ActiveCfg = Release|Any CPU
		{22B2E547-82FC-4B15-B0B1-4A8EF1D85D44}.Release|Mixed Platforms.Build.0 = Release|Any CPU
		{22B2E547-82FC-4B15-B0B1-4A8EF1D85D44}.Release|Mixed Platforms.Deploy.0 = Release|Any CPU
		{8EEF5755-CD1E-4EF3-8137-01F43E0700FD}.Ad-Hoc|Any CPU.ActiveCfg = Release|Any CPU
		{8EEF5755-CD1E-4EF3-8137-01F43E0700FD}.Ad-Hoc|Any CPU.Build.0 = Release|Any CPU
		{8EEF5755-CD1E-4EF3-8137-01F43E0700FD}.Ad-Hoc|iPhone.ActiveCfg = Debug|Any CPU
		{8EEF5755-CD1E-4EF3-8137-01F43E0700FD}.Ad-Hoc|iPhone.Build.0 = Debug|Any CPU
		{8EEF5755-CD1E-4EF3-8137-01F43E0700FD}.Ad-Hoc|iPhoneSimulator.ActiveCfg = Release|Any CPU
		{8EEF5755-CD1E-4EF3-8137-01F43E0700FD}.Ad-Hoc|Mixed Platforms.ActiveCfg = Debug|Any CPU
		{8EEF5755-CD1E-4EF3-8137-01F43E0700FD}.Ad-Hoc|Mixed Platforms.Build.0 = Debug|Any CPU
		{8EEF5755-CD1E-4EF3-8137-01F43E0700FD}.AppStore|Any CPU.ActiveCfg = Release|Any CPU
		{8EEF5755-CD1E-4EF3-8137-01F43E0700FD}.AppStore|Any CPU.Build.0 = Release|Any CPU
		{8EEF5755-CD1E-4EF3-8137-01F43E0700FD}.AppStore|iPhone.ActiveCfg = Debug|Any CPU
		{8EEF5755-CD1E-4EF3-8137-01F43E0700FD}.AppStore|iPhone.Build.0 = Debug|Any CPU
		{8EEF5755-CD1E-4EF3-8137-01F43E0700FD}.AppStore|iPhoneSimulator.ActiveCfg = Release|Any CPU
		{8EEF5755-CD1E-4EF3-8137-01F43E0700FD}.AppStore|Mixed Platforms.ActiveCfg = Debug|Any CPU
		{8EEF5755-CD1E-4EF3-8137-01F43E0700FD}.AppStore|Mixed Platforms.Build.0 = Debug|Any CPU
		{8EEF5755-CD1E-4EF3-8137-01F43E0700FD}.Debug|Any CPU.ActiveCfg = Debug|Any CPU
		{8EEF5755-CD1E-4EF3-8137-01F43E0700FD}.Debug|Any CPU.Build.0 = Debug|Any CPU
		{8EEF5755-CD1E-4EF3-8137-01F43E0700FD}.Debug|iPhone.ActiveCfg = Debug|Any CPU
		{8EEF5755-CD1E-4EF3-8137-01F43E0700FD}.Debug|iPhone.Build.0 = Debug|Any CPU
		{8EEF5755-CD1E-4EF3-8137-01F43E0700FD}.Debug|iPhoneSimulator.ActiveCfg = Debug|Any CPU
		{8EEF5755-CD1E-4EF3-8137-01F43E0700FD}.Debug|iPhoneSimulator.Build.0 = Debug|Any CPU
		{8EEF5755-CD1E-4EF3-8137-01F43E0700FD}.Debug|Mixed Platforms.ActiveCfg = Debug|Any CPU
		{8EEF5755-CD1E-4EF3-8137-01F43E0700FD}.Debug|Mixed Platforms.Build.0 = Debug|Any CPU
		{8EEF5755-CD1E-4EF3-8137-01F43E0700FD}.Release|Any CPU.ActiveCfg = Release|Any CPU
		{8EEF5755-CD1E-4EF3-8137-01F43E0700FD}.Release|Any CPU.Build.0 = Release|Any CPU
		{8EEF5755-CD1E-4EF3-8137-01F43E0700FD}.Release|iPhone.ActiveCfg = Release|Any CPU
		{8EEF5755-CD1E-4EF3-8137-01F43E0700FD}.Release|iPhone.Build.0 = Release|Any CPU
		{8EEF5755-CD1E-4EF3-8137-01F43E0700FD}.Release|iPhoneSimulator.ActiveCfg = Release|Any CPU
		{8EEF5755-CD1E-4EF3-8137-01F43E0700FD}.Release|iPhoneSimulator.Build.0 = Release|Any CPU
		{8EEF5755-CD1E-4EF3-8137-01F43E0700FD}.Release|Mixed Platforms.ActiveCfg = Release|Any CPU
		{8EEF5755-CD1E-4EF3-8137-01F43E0700FD}.Release|Mixed Platforms.Build.0 = Release|Any CPU
		{D84B89DF-E5B0-4F9D-9FB6-EA0CDFBA9314}.Ad-Hoc|Any CPU.ActiveCfg = Release|Any CPU
		{D84B89DF-E5B0-4F9D-9FB6-EA0CDFBA9314}.Ad-Hoc|Any CPU.Build.0 = Release|Any CPU
		{D84B89DF-E5B0-4F9D-9FB6-EA0CDFBA9314}.Ad-Hoc|iPhone.ActiveCfg = Debug|Any CPU
		{D84B89DF-E5B0-4F9D-9FB6-EA0CDFBA9314}.Ad-Hoc|iPhone.Build.0 = Debug|Any CPU
		{D84B89DF-E5B0-4F9D-9FB6-EA0CDFBA9314}.Ad-Hoc|iPhoneSimulator.ActiveCfg = Release|Any CPU
		{D84B89DF-E5B0-4F9D-9FB6-EA0CDFBA9314}.Ad-Hoc|Mixed Platforms.ActiveCfg = Debug|Any CPU
		{D84B89DF-E5B0-4F9D-9FB6-EA0CDFBA9314}.Ad-Hoc|Mixed Platforms.Build.0 = Debug|Any CPU
		{D84B89DF-E5B0-4F9D-9FB6-EA0CDFBA9314}.AppStore|Any CPU.ActiveCfg = Release|Any CPU
		{D84B89DF-E5B0-4F9D-9FB6-EA0CDFBA9314}.AppStore|Any CPU.Build.0 = Release|Any CPU
		{D84B89DF-E5B0-4F9D-9FB6-EA0CDFBA9314}.AppStore|iPhone.ActiveCfg = Debug|Any CPU
		{D84B89DF-E5B0-4F9D-9FB6-EA0CDFBA9314}.AppStore|iPhone.Build.0 = Debug|Any CPU
		{D84B89DF-E5B0-4F9D-9FB6-EA0CDFBA9314}.AppStore|iPhoneSimulator.ActiveCfg = Release|Any CPU
		{D84B89DF-E5B0-4F9D-9FB6-EA0CDFBA9314}.AppStore|Mixed Platforms.ActiveCfg = Debug|Any CPU
		{D84B89DF-E5B0-4F9D-9FB6-EA0CDFBA9314}.AppStore|Mixed Platforms.Build.0 = Debug|Any CPU
		{D84B89DF-E5B0-4F9D-9FB6-EA0CDFBA9314}.Debug|Any CPU.ActiveCfg = Debug|Any CPU
		{D84B89DF-E5B0-4F9D-9FB6-EA0CDFBA9314}.Debug|Any CPU.Build.0 = Debug|Any CPU
		{D84B89DF-E5B0-4F9D-9FB6-EA0CDFBA9314}.Debug|iPhone.ActiveCfg = Debug|Any CPU
		{D84B89DF-E5B0-4F9D-9FB6-EA0CDFBA9314}.Debug|iPhone.Build.0 = Debug|Any CPU
		{D84B89DF-E5B0-4F9D-9FB6-EA0CDFBA9314}.Debug|iPhoneSimulator.ActiveCfg = Debug|Any CPU
		{D84B89DF-E5B0-4F9D-9FB6-EA0CDFBA9314}.Debug|iPhoneSimulator.Build.0 = Debug|Any CPU
		{D84B89DF-E5B0-4F9D-9FB6-EA0CDFBA9314}.Debug|Mixed Platforms.ActiveCfg = Debug|Any CPU
		{D84B89DF-E5B0-4F9D-9FB6-EA0CDFBA9314}.Debug|Mixed Platforms.Build.0 = Debug|Any CPU
		{D84B89DF-E5B0-4F9D-9FB6-EA0CDFBA9314}.Release|Any CPU.ActiveCfg = Release|Any CPU
		{D84B89DF-E5B0-4F9D-9FB6-EA0CDFBA9314}.Release|Any CPU.Build.0 = Release|Any CPU
		{D84B89DF-E5B0-4F9D-9FB6-EA0CDFBA9314}.Release|iPhone.ActiveCfg = Release|Any CPU
		{D84B89DF-E5B0-4F9D-9FB6-EA0CDFBA9314}.Release|iPhone.Build.0 = Release|Any CPU
		{D84B89DF-E5B0-4F9D-9FB6-EA0CDFBA9314}.Release|iPhoneSimulator.ActiveCfg = Release|Any CPU
		{D84B89DF-E5B0-4F9D-9FB6-EA0CDFBA9314}.Release|iPhoneSimulator.Build.0 = Release|Any CPU
		{D84B89DF-E5B0-4F9D-9FB6-EA0CDFBA9314}.Release|Mixed Platforms.ActiveCfg = Release|Any CPU
		{D84B89DF-E5B0-4F9D-9FB6-EA0CDFBA9314}.Release|Mixed Platforms.Build.0 = Release|Any CPU
	EndGlobalSection
	GlobalSection(SolutionProperties) = preSolution
		HideSolutionNode = FALSE
	EndGlobalSection
	GlobalSection(MonoDevelopProperties) = preSolution
		StartupItem = Android\GenCode.DroneDown.Android.csproj
	EndGlobalSection
EndGlobal
